PODS:
  - DeviceKit (4.4.0)
  - EFFoundation (1.4.9):
    - EFFoundation/Core (= 1.4.9)
  - EFFoundation/Core (1.4.9)
  - EFFoundation/Device (1.4.9):
    - DeviceKit (>= 4.2.1)
    - EFFoundation/Core
  - EFIconFont/AliCloudConsole (1.2.1):
    - EFIconFont/Core
  - EFIconFont/AntChain (1.2.1):
    - EFIconFont/Core
  - EFIconFont/AntDesign (1.2.1):
    - EFIconFont/Core
  - EFIconFont/Complete (1.2.1):
    - EFIconFont/AliCloudConsole
    - EFIconFont/AntChain
    - EFIconFont/AntDesign
    - EFIconFont/Core
    - EFIconFont/Dashicons
    - EFIconFont/Devicons
    - EFIconFont/ElusiveIcons
    - EFIconFont/EVAIcon
    - EFIconFont/EvilIcons
    - EFIconFont/FontAwesomeBrands
    - EFIconFont/FontAwesomeRegular
    - EFIconFont/FontAwesomeSolid
    - EFIconFont/FoundationIcons
    - EFIconFont/GenericonsNeue
    - EFIconFont/HawconsFilled
    - EFIconFont/HawconsStroke
    - EFIconFont/IcoMoon
    - EFIconFont/Ionicons
    - EFIconFont/LigatureSymbols
    - EFIconFont/MapIcons
    - EFIconFont/MaterialIconsFilled
    - EFIconFont/MaterialIconsOutlined
    - EFIconFont/MaterialIconsRounded
    - EFIconFont/MaterialIconsSharp
    - EFIconFont/Meteocons
    - EFIconFont/MetrizeIcons
    - EFIconFont/OpenIconic
    - EFIconFont/StrawberryIcon
    - EFIconFont/Stroke7
    - EFIconFont/TaoBao
    - EFIconFont/ThemifyIcons
    - EFIconFont/Tmall
    - EFIconFont/Typicons
    - EFIconFont/VSCodeIcons
    - EFIconFont/WeatherIcons
    - EFIconFont/Zocial
  - EFIconFont/Core (1.2.1)
  - EFIconFont/Dashicons (1.2.1):
    - EFIconFont/Core
  - EFIconFont/Devicons (1.2.1):
    - EFIconFont/Core
  - EFIconFont/ElusiveIcons (1.2.1):
    - EFIconFont/Core
  - EFIconFont/EVAIcon (1.2.1):
    - EFIconFont/Core
  - EFIconFont/EvilIcons (1.2.1):
    - EFIconFont/Core
  - EFIconFont/FontAwesomeBrands (1.2.1):
    - EFIconFont/Core
  - EFIconFont/FontAwesomeRegular (1.2.1):
    - EFIconFont/Core
  - EFIconFont/FontAwesomeSolid (1.2.1):
    - EFIconFont/Core
  - EFIconFont/FoundationIcons (1.2.1):
    - EFIconFont/Core
  - EFIconFont/GenericonsNeue (1.2.1):
    - EFIconFont/Core
  - EFIconFont/HawconsFilled (1.2.1):
    - EFIconFont/Core
  - EFIconFont/HawconsStroke (1.2.1):
    - EFIconFont/Core
  - EFIconFont/IcoMoon (1.2.1):
    - EFIconFont/Core
  - EFIconFont/Ionicons (1.2.1):
    - EFIconFont/Core
  - EFIconFont/LigatureSymbols (1.2.1):
    - EFIconFont/Core
  - EFIconFont/MapIcons (1.2.1):
    - EFIconFont/Core
  - EFIconFont/MaterialIconsFilled (1.2.1):
    - EFIconFont/Core
  - EFIconFont/MaterialIconsOutlined (1.2.1):
    - EFIconFont/Core
  - EFIconFont/MaterialIconsRounded (1.2.1):
    - EFIconFont/Core
  - EFIconFont/MaterialIconsSharp (1.2.1):
    - EFIconFont/Core
  - EFIconFont/Meteocons (1.2.1):
    - EFIconFont/Core
  - EFIconFont/MetrizeIcons (1.2.1):
    - EFIconFont/Core
  - EFIconFont/OpenIconic (1.2.1):
    - EFIconFont/Core
  - EFIconFont/StrawberryIcon (1.2.1):
    - EFIconFont/Core
  - EFIconFont/Stroke7 (1.2.1):
    - EFIconFont/Core
  - EFIconFont/TaoBao (1.2.1):
    - EFIconFont/Core
  - EFIconFont/ThemifyIcons (1.2.1):
    - EFIconFont/Core
  - EFIconFont/Tmall (1.2.1):
    - EFIconFont/Core
  - EFIconFont/Typicons (1.2.1):
    - EFIconFont/Core
  - EFIconFont/VSCodeIcons (1.2.1):
    - EFIconFont/Core
  - EFIconFont/WeatherIcons (1.2.1):
    - EFIconFont/Core
  - EFIconFont/Zocial (1.2.1):
    - EFIconFont/Core
  - SnapKit (5.6.0)

DEPENDENCIES:
  - EFFoundation (= 1.4.9)
  - EFFoundation/Device (= 1.4.9)
  - EFIconFont/Complete (from `../`)
  - SnapKit (= 5.6.0)

SPEC REPOS:
  trunk:
    - DeviceKit
    - EFFoundation
    - SnapKit

EXTERNAL SOURCES:
  EFIconFont:
    :path: "../"

SPEC CHECKSUMS:
  DeviceKit: 2c5d7485a2fa10b65c0091b2952d30843a6ba06d
  EFFoundation: ca61de582cd5b6f3516b43c0f7b364222cbf8e4b
  EFIconFont: 3209f4986826396360eff01c43f6cbca0915c3f7
  SnapKit: e01d52ebb8ddbc333eefe2132acf85c8227d9c25

PODFILE CHECKSUM: d1d97c1fac3d4baf277ce22bad064d5d2f93c648

COCOAPODS: 1.12.1
