PODS:
  - DeviceKit (2.2.0)
  - EFFoundation/Core (0.9.2)
  - EFFoundation/Device (0.9.2):
    - DeviceKit (>= 2.2.0)
    - EFFoundation/Core
  - EFIconFont/AntDesign (0.7.0):
    - EFIconFont/Core
  - EFIconFont/Complete (0.7.0):
    - EFIconFont/AntDesign
    - EFIconFont/Core
    - EFIconFont/Dashicons
    - EFIconFont/Devicons
    - EFIconFont/ElusiveIcons
    - EFIconFont/EvilIcons
    - EFIconFont/FontAwesome
    - EFIconFont/GenericonsNeue
    - EFIconFont/Hawcons
    - EFIconFont/IcoMoon
    - EFIconFont/Ionicons
    - EFIconFont/LigatureSymbols
    - EFIconFont/MapIcons
    - EFIconFont/MaterialIcons
    - EFIconFont/Meteocons
    - EFIconFont/MetrizeIcons
    - EFIconFont/OpenIconic
    - EFIconFont/StrawberryIcon
    - EFIconFont/Stroke7
    - EFIconFont/ThemifyIcons
    - EFIconFont/Typicons
    - EFIconFont/VSCodeIcons
    - EFIconFont/WeatherIcons
  - EFIconFont/Core (0.7.0)
  - EFIconFont/Dashicons (0.7.0):
    - EFIconFont/Core
  - EFIconFont/Devicons (0.7.0):
    - EFIconFont/Core
  - EFIconFont/ElusiveIcons (0.7.0):
    - EFIconFont/Core
  - EFIconFont/EvilIcons (0.7.0):
    - EFIconFont/Core
  - EFIconFont/FontAwesome (0.7.0):
    - EFIconFont/Core
  - EFIconFont/GenericonsNeue (0.7.0):
    - EFIconFont/Core
  - EFIconFont/Hawcons (0.7.0):
    - EFIconFont/Core
  - EFIconFont/IcoMoon (0.7.0):
    - EFIconFont/Core
  - EFIconFont/Ionicons (0.7.0):
    - EFIconFont/Core
  - EFIconFont/LigatureSymbols (0.7.0):
    - EFIconFont/Core
  - EFIconFont/MapIcons (0.7.0):
    - EFIconFont/Core
  - EFIconFont/MaterialIcons (0.7.0):
    - EFIconFont/Core
  - EFIconFont/Meteocons (0.7.0):
    - EFIconFont/Core
  - EFIconFont/MetrizeIcons (0.7.0):
    - EFIconFont/Core
  - EFIconFont/OpenIconic (0.7.0):
    - EFIconFont/Core
  - EFIconFont/StrawberryIcon (0.7.0):
    - EFIconFont/Core
  - EFIconFont/Stroke7 (0.7.0):
    - EFIconFont/Core
  - EFIconFont/ThemifyIcons (0.7.0):
    - EFIconFont/Core
  - EFIconFont/Typicons (0.7.0):
    - EFIconFont/Core
  - EFIconFont/VSCodeIcons (0.7.0):
    - EFIconFont/Core
  - EFIconFont/WeatherIcons (0.7.0):
    - EFIconFont/Core

DEPENDENCIES:
  - EFFoundation/Device (= 0.9.2)
  - EFIconFont/Complete (from `../`)

SPEC REPOS:
  trunk:
    - DeviceKit
    - EFFoundation

EXTERNAL SOURCES:
  EFIconFont:
    :path: "../"

SPEC CHECKSUMS:
  DeviceKit: ee5d2ec3bc8ad3847f9f0f202de0be09448707e1
  EFFoundation: cbda6c8d19891efa1dae71b2cfeaaa9636347fe3
  EFIconFont: 7676f5444bed0bc350265fe3e613a0e10b9c5f28

PODFILE CHECKSUM: 19e630f4ce0ed52e1e503ac0e28d8c7efee60276

COCOAPODS: 1.8.1
