PODS:
  - DeviceKit (4.4.0)
  - EFFoundation (1.4.9):
    - EFFoundation/Core (= 1.4.9)
  - EFFoundation/Core (1.4.9)
  - EFFoundation/Device (1.4.9):
    - DeviceKit (>= 4.2.1)
    - EFFoundation/Core
  - EFIconFont/AliCloudConsole (6.0.0.0):
    - EFIconFont/Core
  - EFIconFont/AntChain (6.0.0.0):
    - EFIconFont/Core
  - EFIconFont/AntDesign (6.0.0.0):
    - EFIconFont/Core
  - EFIconFont/Complete (6.0.0.0):
    - EFIconFont/AliCloudConsole
    - EFIconFont/AntChain
    - EFIconFont/AntDesign
    - EFIconFont/Core
    - EFIconFont/Dashicons
    - EFIconFont/Devicons
    - EFIconFont/ElusiveIcons
    - EFIconFont/EVAIcon
    - EFIconFont/EvilIcons
    - EFIconFont/FontAwesomeBrands
    - EFIconFont/FontAwesomeRegular
    - EFIconFont/FontAwesomeSolid
    - EFIconFont/FoundationIcons
    - EFIconFont/GenericonsNeue
    - EFIconFont/HawconsFilled
    - EFIconFont/HawconsStroke
    - EFIconFont/IcoMoon
    - EFIconFont/Ionicons
    - EFIconFont/LigatureSymbols
    - EFIconFont/MapIcons
    - EFIconFont/MaterialIconsFilled
    - EFIconFont/MaterialIconsOutlined
    - EFIconFont/MaterialIconsRounded
    - EFIconFont/MaterialIconsSharp
    - EFIconFont/Meteocons
    - EFIconFont/MetrizeIcons
    - EFIconFont/OpenIconic
    - EFIconFont/StrawberryIcon
    - EFIconFont/Stroke7
    - EFIconFont/TaoBao
    - EFIconFont/ThemifyIcons
    - EFIconFont/Tmall
    - EFIconFont/Typicons
    - EFIconFont/VSCodeIcons
    - EFIconFont/WeatherIcons
    - EFIconFont/Zocial
  - EFIconFont/Core (6.0.0.0)
  - EFIconFont/Dashicons (6.0.0.0):
    - EFIconFont/Core
  - EFIconFont/Devicons (6.0.0.0):
    - EFIconFont/Core
  - EFIconFont/ElusiveIcons (6.0.0.0):
    - EFIconFont/Core
  - EFIconFont/EVAIcon (6.0.0.0):
    - EFIconFont/Core
  - EFIconFont/EvilIcons (6.0.0.0):
    - EFIconFont/Core
  - EFIconFont/FontAwesomeBrands (6.0.0.0):
    - EFIconFont/Core
  - EFIconFont/FontAwesomeRegular (6.0.0.0):
    - EFIconFont/Core
  - EFIconFont/FontAwesomeSolid (6.0.0.0):
    - EFIconFont/Core
  - EFIconFont/FoundationIcons (6.0.0.0):
    - EFIconFont/Core
  - EFIconFont/GenericonsNeue (6.0.0.0):
    - EFIconFont/Core
  - EFIconFont/HawconsFilled (6.0.0.0):
    - EFIconFont/Core
  - EFIconFont/HawconsStroke (6.0.0.0):
    - EFIconFont/Core
  - EFIconFont/IcoMoon (6.0.0.0):
    - EFIconFont/Core
  - EFIconFont/Ionicons (6.0.0.0):
    - EFIconFont/Core
  - EFIconFont/LigatureSymbols (6.0.0.0):
    - EFIconFont/Core
  - EFIconFont/MapIcons (6.0.0.0):
    - EFIconFont/Core
  - EFIconFont/MaterialIconsFilled (6.0.0.0):
    - EFIconFont/Core
  - EFIconFont/MaterialIconsOutlined (6.0.0.0):
    - EFIconFont/Core
  - EFIconFont/MaterialIconsRounded (6.0.0.0):
    - EFIconFont/Core
  - EFIconFont/MaterialIconsSharp (6.0.0.0):
    - EFIconFont/Core
  - EFIconFont/Meteocons (6.0.0.0):
    - EFIconFont/Core
  - EFIconFont/MetrizeIcons (6.0.0.0):
    - EFIconFont/Core
  - EFIconFont/OpenIconic (6.0.0.0):
    - EFIconFont/Core
  - EFIconFont/StrawberryIcon (6.0.0.0):
    - EFIconFont/Core
  - EFIconFont/Stroke7 (6.0.0.0):
    - EFIconFont/Core
  - EFIconFont/TaoBao (6.0.0.0):
    - EFIconFont/Core
  - EFIconFont/ThemifyIcons (6.0.0.0):
    - EFIconFont/Core
  - EFIconFont/Tmall (6.0.0.0):
    - EFIconFont/Core
  - EFIconFont/Typicons (6.0.0.0):
    - EFIconFont/Core
  - EFIconFont/VSCodeIcons (6.0.0.0):
    - EFIconFont/Core
  - EFIconFont/WeatherIcons (6.0.0.0):
    - EFIconFont/Core
  - EFIconFont/Zocial (6.0.0.0):
    - EFIconFont/Core
  - SnapKit (5.7.1)

DEPENDENCIES:
  - EFFoundation (= 1.4.9)
  - EFFoundation/Device (= 1.4.9)
  - EFIconFont/Complete (from `../`)
  - SnapKit (= 5.7.1)

SPEC REPOS:
  trunk:
    - DeviceKit
    - EFFoundation
    - SnapKit

EXTERNAL SOURCES:
  EFIconFont:
    :path: "../"

SPEC CHECKSUMS:
  DeviceKit: 2c5d7485a2fa10b65c0091b2952d30843a6ba06d
  EFFoundation: ca61de582cd5b6f3516b43c0f7b364222cbf8e4b
  EFIconFont: 7725e98a1969d3b6ef779883684845663ce60662
  SnapKit: d612e99e678a2d3b95bf60b0705ed0a35c03484a

PODFILE CHECKSUM: 1b599241975bf1de0932534b6fce12eb3e2a8525

COCOAPODS: 1.16.2
