// !$*UTF8*$!
{
	archiveVersion = 1;
	classes = {
	};
	objectVersion = 51;
	objects = {

/* Begin PBXBuildFile section */
		123EF74F268B27B600A0CD9D /* Main.storyboard in Resources */ = {isa = PBXBuildFile; fileRef = 123EF74D268B27B600A0CD9D /* Main.storyboard */; };
		123EF751268B27B800A0CD9D /* Assets.xcassets in Resources */ = {isa = PBXBuildFile; fileRef = 123EF750268B27B800A0CD9D /* Assets.xcassets */; };
		123EF754268B27B800A0CD9D /* LaunchScreen.storyboard in Resources */ = {isa = PBXBuildFile; fileRef = 123EF752268B27B800A0CD9D /* LaunchScreen.storyboard */; };
		123EF762268B2C2100A0CD9D /* octicons.ttf in Resources */ = {isa = PBXBuildFile; fileRef = 123EF760268B2C2100A0CD9D /* octicons.ttf */; };
		123EF763268B2C2100A0CD9D /* EFIconFontOcticons.swift in Sources */ = {isa = PBXBuildFile; fileRef = 123EF761268B2C2100A0CD9D /* EFIconFontOcticons.swift */; };
		123EF76F268B2EA500A0CD9D /* CGFloat+.swift in Sources */ = {isa = PBXBuildFile; fileRef = 123EF767268B2EA400A0CD9D /* CGFloat+.swift */; };
		123EF770268B2EA500A0CD9D /* GalleryViewController.swift in Sources */ = {isa = PBXBuildFile; fileRef = 123EF768268B2EA400A0CD9D /* GalleryViewController.swift */; };
		123EF771268B2EA500A0CD9D /* SubViewController.swift in Sources */ = {isa = PBXBuildFile; fileRef = 123EF769268B2EA400A0CD9D /* SubViewController.swift */; };
		123EF772268B2EA500A0CD9D /* BaseViewController.swift in Sources */ = {isa = PBXBuildFile; fileRef = 123EF76A268B2EA400A0CD9D /* BaseViewController.swift */; };
		123EF773268B2EA500A0CD9D /* SearchViewController.swift in Sources */ = {isa = PBXBuildFile; fileRef = 123EF76B268B2EA500A0CD9D /* SearchViewController.swift */; };
		123EF774268B2EA500A0CD9D /* AppDelegate.swift in Sources */ = {isa = PBXBuildFile; fileRef = 123EF76C268B2EA500A0CD9D /* AppDelegate.swift */; };
		123EF775268B2EA500A0CD9D /* DetailViewController.swift in Sources */ = {isa = PBXBuildFile; fileRef = 123EF76D268B2EA500A0CD9D /* DetailViewController.swift */; };
		123EF776268B2EA500A0CD9D /* ViewController.swift in Sources */ = {isa = PBXBuildFile; fileRef = 123EF76E268B2EA500A0CD9D /* ViewController.swift */; };
		123EF77B268B2F4500A0CD9D /* CGFloat+tvOS.swift in Sources */ = {isa = PBXBuildFile; fileRef = 123EF77A268B2F4500A0CD9D /* CGFloat+tvOS.swift */; };
		808A9BDD9385CE3F402527F7 /* Pods_EFIconFont_tvOS.framework in Frameworks */ = {isa = PBXBuildFile; fileRef = 2CFF7F909ADA64117D8F01D2 /* Pods_EFIconFont_tvOS.framework */; };
/* End PBXBuildFile section */

/* Begin PBXFileReference section */
		123EF746268B27B600A0CD9D /* EFIconFont-tvOS.app */ = {isa = PBXFileReference; explicitFileType = wrapper.application; includeInIndex = 0; path = "EFIconFont-tvOS.app"; sourceTree = BUILT_PRODUCTS_DIR; };
		123EF74E268B27B600A0CD9D /* Base */ = {isa = PBXFileReference; lastKnownFileType = file.storyboard; name = Base; path = Base.lproj/Main.storyboard; sourceTree = "<group>"; };
		123EF750268B27B800A0CD9D /* Assets.xcassets */ = {isa = PBXFileReference; lastKnownFileType = folder.assetcatalog; path = Assets.xcassets; sourceTree = "<group>"; };
		123EF753268B27B800A0CD9D /* Base */ = {isa = PBXFileReference; lastKnownFileType = file.storyboard; name = Base; path = Base.lproj/LaunchScreen.storyboard; sourceTree = "<group>"; };
		123EF755268B27B800A0CD9D /* Info.plist */ = {isa = PBXFileReference; lastKnownFileType = text.plist.xml; path = Info.plist; sourceTree = "<group>"; };
		123EF760268B2C2100A0CD9D /* octicons.ttf */ = {isa = PBXFileReference; lastKnownFileType = file; name = octicons.ttf; path = "EFIconFont-iOS/Octicons/octicons.ttf"; sourceTree = SOURCE_ROOT; };
		123EF761268B2C2100A0CD9D /* EFIconFontOcticons.swift */ = {isa = PBXFileReference; fileEncoding = 4; lastKnownFileType = sourcecode.swift; name = EFIconFontOcticons.swift; path = "EFIconFont-iOS/Octicons/EFIconFontOcticons.swift"; sourceTree = SOURCE_ROOT; };
		123EF767268B2EA400A0CD9D /* CGFloat+.swift */ = {isa = PBXFileReference; fileEncoding = 4; lastKnownFileType = sourcecode.swift; name = "CGFloat+.swift"; path = "EFIconFont-iOS/CGFloat+.swift"; sourceTree = SOURCE_ROOT; };
		123EF768268B2EA400A0CD9D /* GalleryViewController.swift */ = {isa = PBXFileReference; fileEncoding = 4; lastKnownFileType = sourcecode.swift; name = GalleryViewController.swift; path = "EFIconFont-iOS/GalleryViewController.swift"; sourceTree = SOURCE_ROOT; };
		123EF769268B2EA400A0CD9D /* SubViewController.swift */ = {isa = PBXFileReference; fileEncoding = 4; lastKnownFileType = sourcecode.swift; name = SubViewController.swift; path = "EFIconFont-iOS/SubViewController.swift"; sourceTree = SOURCE_ROOT; };
		123EF76A268B2EA400A0CD9D /* BaseViewController.swift */ = {isa = PBXFileReference; fileEncoding = 4; lastKnownFileType = sourcecode.swift; name = BaseViewController.swift; path = "EFIconFont-iOS/BaseViewController.swift"; sourceTree = SOURCE_ROOT; };
		123EF76B268B2EA500A0CD9D /* SearchViewController.swift */ = {isa = PBXFileReference; fileEncoding = 4; lastKnownFileType = sourcecode.swift; name = SearchViewController.swift; path = "EFIconFont-iOS/SearchViewController.swift"; sourceTree = SOURCE_ROOT; };
		123EF76C268B2EA500A0CD9D /* AppDelegate.swift */ = {isa = PBXFileReference; fileEncoding = 4; lastKnownFileType = sourcecode.swift; name = AppDelegate.swift; path = "EFIconFont-iOS/AppDelegate.swift"; sourceTree = SOURCE_ROOT; };
		123EF76D268B2EA500A0CD9D /* DetailViewController.swift */ = {isa = PBXFileReference; fileEncoding = 4; lastKnownFileType = sourcecode.swift; name = DetailViewController.swift; path = "EFIconFont-iOS/DetailViewController.swift"; sourceTree = SOURCE_ROOT; };
		123EF76E268B2EA500A0CD9D /* ViewController.swift */ = {isa = PBXFileReference; fileEncoding = 4; lastKnownFileType = sourcecode.swift; name = ViewController.swift; path = "EFIconFont-iOS/ViewController.swift"; sourceTree = SOURCE_ROOT; };
		123EF77A268B2F4500A0CD9D /* CGFloat+tvOS.swift */ = {isa = PBXFileReference; lastKnownFileType = sourcecode.swift; path = "CGFloat+tvOS.swift"; sourceTree = "<group>"; };
		2CFF7F909ADA64117D8F01D2 /* Pods_EFIconFont_tvOS.framework */ = {isa = PBXFileReference; explicitFileType = wrapper.framework; includeInIndex = 0; path = Pods_EFIconFont_tvOS.framework; sourceTree = BUILT_PRODUCTS_DIR; };
		84CA4E31ACFE4192654AFBEC /* Pods-EFIconFont-tvOS.debug.xcconfig */ = {isa = PBXFileReference; includeInIndex = 1; lastKnownFileType = text.xcconfig; name = "Pods-EFIconFont-tvOS.debug.xcconfig"; path = "Target Support Files/Pods-EFIconFont-tvOS/Pods-EFIconFont-tvOS.debug.xcconfig"; sourceTree = "<group>"; };
		D7DB4688C370437A46B7643C /* Pods-EFIconFont-tvOS.release.xcconfig */ = {isa = PBXFileReference; includeInIndex = 1; lastKnownFileType = text.xcconfig; name = "Pods-EFIconFont-tvOS.release.xcconfig"; path = "Target Support Files/Pods-EFIconFont-tvOS/Pods-EFIconFont-tvOS.release.xcconfig"; sourceTree = "<group>"; };
/* End PBXFileReference section */

/* Begin PBXFrameworksBuildPhase section */
		123EF743268B27B600A0CD9D /* Frameworks */ = {
			isa = PBXFrameworksBuildPhase;
			buildActionMask = 2147483647;
			files = (
				808A9BDD9385CE3F402527F7 /* Pods_EFIconFont_tvOS.framework in Frameworks */,
			);
			runOnlyForDeploymentPostprocessing = 0;
		};
/* End PBXFrameworksBuildPhase section */

/* Begin PBXGroup section */
		123EF73D268B27B600A0CD9D = {
			isa = PBXGroup;
			children = (
				123EF748268B27B600A0CD9D /* EFIconFont-tvOS */,
				123EF747268B27B600A0CD9D /* Products */,
				1A1508115C663D828B9BA15D /* Pods */,
				E6B0BBA9025C8E9A57EDFF08 /* Frameworks */,
			);
			sourceTree = "<group>";
		};
		123EF747268B27B600A0CD9D /* Products */ = {
			isa = PBXGroup;
			children = (
				123EF746268B27B600A0CD9D /* EFIconFont-tvOS.app */,
			);
			name = Products;
			sourceTree = "<group>";
		};
		123EF748268B27B600A0CD9D /* EFIconFont-tvOS */ = {
			isa = PBXGroup;
			children = (
				123EF76C268B2EA500A0CD9D /* AppDelegate.swift */,
				123EF76A268B2EA400A0CD9D /* BaseViewController.swift */,
				123EF767268B2EA400A0CD9D /* CGFloat+.swift */,
				123EF76D268B2EA500A0CD9D /* DetailViewController.swift */,
				123EF768268B2EA400A0CD9D /* GalleryViewController.swift */,
				123EF76B268B2EA500A0CD9D /* SearchViewController.swift */,
				123EF769268B2EA400A0CD9D /* SubViewController.swift */,
				123EF76E268B2EA500A0CD9D /* ViewController.swift */,
				123EF75F268B2BE500A0CD9D /* Supporting Files */,
				123EF75D268B2BDA00A0CD9D /* Octicons */,
				123EF74D268B27B600A0CD9D /* Main.storyboard */,
				123EF752268B27B800A0CD9D /* LaunchScreen.storyboard */,
				123EF755268B27B800A0CD9D /* Info.plist */,
				123EF77A268B2F4500A0CD9D /* CGFloat+tvOS.swift */,
			);
			path = "EFIconFont-tvOS";
			sourceTree = "<group>";
		};
		123EF75D268B2BDA00A0CD9D /* Octicons */ = {
			isa = PBXGroup;
			children = (
				123EF761268B2C2100A0CD9D /* EFIconFontOcticons.swift */,
				123EF760268B2C2100A0CD9D /* octicons.ttf */,
			);
			name = Octicons;
			sourceTree = "<group>";
		};
		123EF75F268B2BE500A0CD9D /* Supporting Files */ = {
			isa = PBXGroup;
			children = (
				123EF750268B27B800A0CD9D /* Assets.xcassets */,
			);
			name = "Supporting Files";
			sourceTree = "<group>";
		};
		1A1508115C663D828B9BA15D /* Pods */ = {
			isa = PBXGroup;
			children = (
				84CA4E31ACFE4192654AFBEC /* Pods-EFIconFont-tvOS.debug.xcconfig */,
				D7DB4688C370437A46B7643C /* Pods-EFIconFont-tvOS.release.xcconfig */,
			);
			path = Pods;
			sourceTree = "<group>";
		};
		E6B0BBA9025C8E9A57EDFF08 /* Frameworks */ = {
			isa = PBXGroup;
			children = (
				2CFF7F909ADA64117D8F01D2 /* Pods_EFIconFont_tvOS.framework */,
			);
			name = Frameworks;
			sourceTree = "<group>";
		};
/* End PBXGroup section */

/* Begin PBXNativeTarget section */
		123EF745268B27B600A0CD9D /* EFIconFont-tvOS */ = {
			isa = PBXNativeTarget;
			buildConfigurationList = 123EF758268B27B800A0CD9D /* Build configuration list for PBXNativeTarget "EFIconFont-tvOS" */;
			buildPhases = (
				1769F23584FB7FFDBE22EFB4 /* [CP] Check Pods Manifest.lock */,
				123EF742268B27B600A0CD9D /* Sources */,
				123EF743268B27B600A0CD9D /* Frameworks */,
				123EF744268B27B600A0CD9D /* Resources */,
				3F6B28850EA07336C6780DBD /* [CP] Embed Pods Frameworks */,
			);
			buildRules = (
			);
			dependencies = (
			);
			name = "EFIconFont-tvOS";
			productName = "EFIconFont-tvOS";
			productReference = 123EF746268B27B600A0CD9D /* EFIconFont-tvOS.app */;
			productType = "com.apple.product-type.application";
		};
/* End PBXNativeTarget section */

/* Begin PBXProject section */
		123EF73E268B27B600A0CD9D /* Project object */ = {
			isa = PBXProject;
			attributes = {
				LastSwiftUpdateCheck = 1250;
				LastUpgradeCheck = 1250;
				TargetAttributes = {
					123EF745268B27B600A0CD9D = {
						CreatedOnToolsVersion = 12.5.1;
					};
				};
			};
			buildConfigurationList = 123EF741268B27B600A0CD9D /* Build configuration list for PBXProject "EFIconFont-tvOS" */;
			compatibilityVersion = "Xcode 9.3";
			developmentRegion = en;
			hasScannedForEncodings = 0;
			knownRegions = (
				en,
				Base,
			);
			mainGroup = 123EF73D268B27B600A0CD9D;
			productRefGroup = 123EF747268B27B600A0CD9D /* Products */;
			projectDirPath = "";
			projectRoot = "";
			targets = (
				123EF745268B27B600A0CD9D /* EFIconFont-tvOS */,
			);
		};
/* End PBXProject section */

/* Begin PBXResourcesBuildPhase section */
		123EF744268B27B600A0CD9D /* Resources */ = {
			isa = PBXResourcesBuildPhase;
			buildActionMask = 2147483647;
			files = (
				123EF754268B27B800A0CD9D /* LaunchScreen.storyboard in Resources */,
				123EF751268B27B800A0CD9D /* Assets.xcassets in Resources */,
				123EF762268B2C2100A0CD9D /* octicons.ttf in Resources */,
				123EF74F268B27B600A0CD9D /* Main.storyboard in Resources */,
			);
			runOnlyForDeploymentPostprocessing = 0;
		};
/* End PBXResourcesBuildPhase section */

/* Begin PBXShellScriptBuildPhase section */
		1769F23584FB7FFDBE22EFB4 /* [CP] Check Pods Manifest.lock */ = {
			isa = PBXShellScriptBuildPhase;
			buildActionMask = 2147483647;
			files = (
			);
			inputFileListPaths = (
			);
			inputPaths = (
				"${PODS_PODFILE_DIR_PATH}/Podfile.lock",
				"${PODS_ROOT}/Manifest.lock",
			);
			name = "[CP] Check Pods Manifest.lock";
			outputFileListPaths = (
			);
			outputPaths = (
				"$(DERIVED_FILE_DIR)/Pods-EFIconFont-tvOS-checkManifestLockResult.txt",
			);
			runOnlyForDeploymentPostprocessing = 0;
			shellPath = /bin/sh;
			shellScript = "diff \"${PODS_PODFILE_DIR_PATH}/Podfile.lock\" \"${PODS_ROOT}/Manifest.lock\" > /dev/null\nif [ $? != 0 ] ; then\n    # print error to STDERR\n    echo \"error: The sandbox is not in sync with the Podfile.lock. Run 'pod install' or update your CocoaPods installation.\" >&2\n    exit 1\nfi\n# This output is used by Xcode 'outputs' to avoid re-running this script phase.\necho \"SUCCESS\" > \"${SCRIPT_OUTPUT_FILE_0}\"\n";
			showEnvVarsInLog = 0;
		};
		3F6B28850EA07336C6780DBD /* [CP] Embed Pods Frameworks */ = {
			isa = PBXShellScriptBuildPhase;
			buildActionMask = 2147483647;
			files = (
			);
			inputFileListPaths = (
				"${PODS_ROOT}/Target Support Files/Pods-EFIconFont-tvOS/Pods-EFIconFont-tvOS-frameworks-${CONFIGURATION}-input-files.xcfilelist",
			);
			name = "[CP] Embed Pods Frameworks";
			outputFileListPaths = (
				"${PODS_ROOT}/Target Support Files/Pods-EFIconFont-tvOS/Pods-EFIconFont-tvOS-frameworks-${CONFIGURATION}-output-files.xcfilelist",
			);
			runOnlyForDeploymentPostprocessing = 0;
			shellPath = /bin/sh;
			shellScript = "\"${PODS_ROOT}/Target Support Files/Pods-EFIconFont-tvOS/Pods-EFIconFont-tvOS-frameworks.sh\"\n";
			showEnvVarsInLog = 0;
		};
/* End PBXShellScriptBuildPhase section */

/* Begin PBXSourcesBuildPhase section */
		123EF742268B27B600A0CD9D /* Sources */ = {
			isa = PBXSourcesBuildPhase;
			buildActionMask = 2147483647;
			files = (
				123EF773268B2EA500A0CD9D /* SearchViewController.swift in Sources */,
				123EF772268B2EA500A0CD9D /* BaseViewController.swift in Sources */,
				123EF770268B2EA500A0CD9D /* GalleryViewController.swift in Sources */,
				123EF776268B2EA500A0CD9D /* ViewController.swift in Sources */,
				123EF76F268B2EA500A0CD9D /* CGFloat+.swift in Sources */,
				123EF774268B2EA500A0CD9D /* AppDelegate.swift in Sources */,
				123EF763268B2C2100A0CD9D /* EFIconFontOcticons.swift in Sources */,
				123EF771268B2EA500A0CD9D /* SubViewController.swift in Sources */,
				123EF77B268B2F4500A0CD9D /* CGFloat+tvOS.swift in Sources */,
				123EF775268B2EA500A0CD9D /* DetailViewController.swift in Sources */,
			);
			runOnlyForDeploymentPostprocessing = 0;
		};
/* End PBXSourcesBuildPhase section */

/* Begin PBXVariantGroup section */
		123EF74D268B27B600A0CD9D /* Main.storyboard */ = {
			isa = PBXVariantGroup;
			children = (
				123EF74E268B27B600A0CD9D /* Base */,
			);
			name = Main.storyboard;
			sourceTree = "<group>";
		};
		123EF752268B27B800A0CD9D /* LaunchScreen.storyboard */ = {
			isa = PBXVariantGroup;
			children = (
				123EF753268B27B800A0CD9D /* Base */,
			);
			name = LaunchScreen.storyboard;
			sourceTree = "<group>";
		};
/* End PBXVariantGroup section */

/* Begin XCBuildConfiguration section */
		123EF756268B27B800A0CD9D /* Debug */ = {
			isa = XCBuildConfiguration;
			buildSettings = {
				ALWAYS_SEARCH_USER_PATHS = NO;
				CLANG_ANALYZER_NONNULL = YES;
				CLANG_ANALYZER_NUMBER_OBJECT_CONVERSION = YES_AGGRESSIVE;
				CLANG_CXX_LANGUAGE_STANDARD = "gnu++14";
				CLANG_CXX_LIBRARY = "libc++";
				CLANG_ENABLE_MODULES = YES;
				CLANG_ENABLE_OBJC_ARC = YES;
				CLANG_ENABLE_OBJC_WEAK = YES;
				CLANG_WARN_BLOCK_CAPTURE_AUTORELEASING = YES;
				CLANG_WARN_BOOL_CONVERSION = YES;
				CLANG_WARN_COMMA = YES;
				CLANG_WARN_CONSTANT_CONVERSION = YES;
				CLANG_WARN_DEPRECATED_OBJC_IMPLEMENTATIONS = YES;
				CLANG_WARN_DIRECT_OBJC_ISA_USAGE = YES_ERROR;
				CLANG_WARN_DOCUMENTATION_COMMENTS = YES;
				CLANG_WARN_EMPTY_BODY = YES;
				CLANG_WARN_ENUM_CONVERSION = YES;
				CLANG_WARN_INFINITE_RECURSION = YES;
				CLANG_WARN_INT_CONVERSION = YES;
				CLANG_WARN_NON_LITERAL_NULL_CONVERSION = YES;
				CLANG_WARN_OBJC_IMPLICIT_RETAIN_SELF = YES;
				CLANG_WARN_OBJC_LITERAL_CONVERSION = YES;
				CLANG_WARN_OBJC_ROOT_CLASS = YES_ERROR;
				CLANG_WARN_QUOTED_INCLUDE_IN_FRAMEWORK_HEADER = YES;
				CLANG_WARN_RANGE_LOOP_ANALYSIS = YES;
				CLANG_WARN_STRICT_PROTOTYPES = YES;
				CLANG_WARN_SUSPICIOUS_MOVE = YES;
				CLANG_WARN_UNGUARDED_AVAILABILITY = YES_AGGRESSIVE;
				CLANG_WARN_UNREACHABLE_CODE = YES;
				CLANG_WARN__DUPLICATE_METHOD_MATCH = YES;
				COPY_PHASE_STRIP = NO;
				DEBUG_INFORMATION_FORMAT = dwarf;
				ENABLE_STRICT_OBJC_MSGSEND = YES;
				ENABLE_TESTABILITY = YES;
				GCC_C_LANGUAGE_STANDARD = gnu11;
				GCC_DYNAMIC_NO_PIC = NO;
				GCC_NO_COMMON_BLOCKS = YES;
				GCC_OPTIMIZATION_LEVEL = 0;
				GCC_PREPROCESSOR_DEFINITIONS = (
					"DEBUG=1",
					"$(inherited)",
				);
				GCC_WARN_64_TO_32_BIT_CONVERSION = YES;
				GCC_WARN_ABOUT_RETURN_TYPE = YES_ERROR;
				GCC_WARN_UNDECLARED_SELECTOR = YES;
				GCC_WARN_UNINITIALIZED_AUTOS = YES_AGGRESSIVE;
				GCC_WARN_UNUSED_FUNCTION = YES;
				GCC_WARN_UNUSED_VARIABLE = YES;
				MTL_ENABLE_DEBUG_INFO = INCLUDE_SOURCE;
				MTL_FAST_MATH = YES;
				ONLY_ACTIVE_ARCH = YES;
				SDKROOT = appletvos;
				SWIFT_ACTIVE_COMPILATION_CONDITIONS = DEBUG;
				SWIFT_OPTIMIZATION_LEVEL = "-Onone";
				TVOS_DEPLOYMENT_TARGET = 14.5;
			};
			name = Debug;
		};
		123EF757268B27B800A0CD9D /* Release */ = {
			isa = XCBuildConfiguration;
			buildSettings = {
				ALWAYS_SEARCH_USER_PATHS = NO;
				CLANG_ANALYZER_NONNULL = YES;
				CLANG_ANALYZER_NUMBER_OBJECT_CONVERSION = YES_AGGRESSIVE;
				CLANG_CXX_LANGUAGE_STANDARD = "gnu++14";
				CLANG_CXX_LIBRARY = "libc++";
				CLANG_ENABLE_MODULES = YES;
				CLANG_ENABLE_OBJC_ARC = YES;
				CLANG_ENABLE_OBJC_WEAK = YES;
				CLANG_WARN_BLOCK_CAPTURE_AUTORELEASING = YES;
				CLANG_WARN_BOOL_CONVERSION = YES;
				CLANG_WARN_COMMA = YES;
				CLANG_WARN_CONSTANT_CONVERSION = YES;
				CLANG_WARN_DEPRECATED_OBJC_IMPLEMENTATIONS = YES;
				CLANG_WARN_DIRECT_OBJC_ISA_USAGE = YES_ERROR;
				CLANG_WARN_DOCUMENTATION_COMMENTS = YES;
				CLANG_WARN_EMPTY_BODY = YES;
				CLANG_WARN_ENUM_CONVERSION = YES;
				CLANG_WARN_INFINITE_RECURSION = YES;
				CLANG_WARN_INT_CONVERSION = YES;
				CLANG_WARN_NON_LITERAL_NULL_CONVERSION = YES;
				CLANG_WARN_OBJC_IMPLICIT_RETAIN_SELF = YES;
				CLANG_WARN_OBJC_LITERAL_CONVERSION = YES;
				CLANG_WARN_OBJC_ROOT_CLASS = YES_ERROR;
				CLANG_WARN_QUOTED_INCLUDE_IN_FRAMEWORK_HEADER = YES;
				CLANG_WARN_RANGE_LOOP_ANALYSIS = YES;
				CLANG_WARN_STRICT_PROTOTYPES = YES;
				CLANG_WARN_SUSPICIOUS_MOVE = YES;
				CLANG_WARN_UNGUARDED_AVAILABILITY = YES_AGGRESSIVE;
				CLANG_WARN_UNREACHABLE_CODE = YES;
				CLANG_WARN__DUPLICATE_METHOD_MATCH = YES;
				COPY_PHASE_STRIP = NO;
				DEBUG_INFORMATION_FORMAT = "dwarf-with-dsym";
				ENABLE_NS_ASSERTIONS = NO;
				ENABLE_STRICT_OBJC_MSGSEND = YES;
				GCC_C_LANGUAGE_STANDARD = gnu11;
				GCC_NO_COMMON_BLOCKS = YES;
				GCC_WARN_64_TO_32_BIT_CONVERSION = YES;
				GCC_WARN_ABOUT_RETURN_TYPE = YES_ERROR;
				GCC_WARN_UNDECLARED_SELECTOR = YES;
				GCC_WARN_UNINITIALIZED_AUTOS = YES_AGGRESSIVE;
				GCC_WARN_UNUSED_FUNCTION = YES;
				GCC_WARN_UNUSED_VARIABLE = YES;
				MTL_ENABLE_DEBUG_INFO = NO;
				MTL_FAST_MATH = YES;
				SDKROOT = appletvos;
				SWIFT_COMPILATION_MODE = wholemodule;
				SWIFT_OPTIMIZATION_LEVEL = "-O";
				TVOS_DEPLOYMENT_TARGET = 14.5;
				VALIDATE_PRODUCT = YES;
			};
			name = Release;
		};
		123EF759268B27B800A0CD9D /* Debug */ = {
			isa = XCBuildConfiguration;
			baseConfigurationReference = 84CA4E31ACFE4192654AFBEC /* Pods-EFIconFont-tvOS.debug.xcconfig */;
			buildSettings = {
				ASSETCATALOG_COMPILER_APPICON_NAME = "App Icon & Top Shelf Image";
				ASSETCATALOG_COMPILER_GLOBAL_ACCENT_COLOR_NAME = AccentColor;
				CODE_SIGN_STYLE = Automatic;
				DEVELOPMENT_TEAM = P3X2725LYY;
				INFOPLIST_FILE = "EFIconFont-tvOS/Info.plist";
				LD_RUNPATH_SEARCH_PATHS = (
					"$(inherited)",
					"@executable_path/Frameworks",
				);
				PRODUCT_BUNDLE_IDENTIFIER = "org.eyrefree.EFIconFont-tvOS";
				PRODUCT_NAME = "$(TARGET_NAME)";
				SWIFT_VERSION = 5.0;
				TARGETED_DEVICE_FAMILY = 3;
				TVOS_DEPLOYMENT_TARGET = 9.0;
			};
			name = Debug;
		};
		123EF75A268B27B800A0CD9D /* Release */ = {
			isa = XCBuildConfiguration;
			baseConfigurationReference = D7DB4688C370437A46B7643C /* Pods-EFIconFont-tvOS.release.xcconfig */;
			buildSettings = {
				ASSETCATALOG_COMPILER_APPICON_NAME = "App Icon & Top Shelf Image";
				ASSETCATALOG_COMPILER_GLOBAL_ACCENT_COLOR_NAME = AccentColor;
				CODE_SIGN_STYLE = Automatic;
				DEVELOPMENT_TEAM = P3X2725LYY;
				INFOPLIST_FILE = "EFIconFont-tvOS/Info.plist";
				LD_RUNPATH_SEARCH_PATHS = (
					"$(inherited)",
					"@executable_path/Frameworks",
				);
				PRODUCT_BUNDLE_IDENTIFIER = "org.eyrefree.EFIconFont-tvOS";
				PRODUCT_NAME = "$(TARGET_NAME)";
				SWIFT_VERSION = 5.0;
				TARGETED_DEVICE_FAMILY = 3;
				TVOS_DEPLOYMENT_TARGET = 9.0;
			};
			name = Release;
		};
/* End XCBuildConfiguration section */

/* Begin XCConfigurationList section */
		123EF741268B27B600A0CD9D /* Build configuration list for PBXProject "EFIconFont-tvOS" */ = {
			isa = XCConfigurationList;
			buildConfigurations = (
				123EF756268B27B800A0CD9D /* Debug */,
				123EF757268B27B800A0CD9D /* Release */,
			);
			defaultConfigurationIsVisible = 0;
			defaultConfigurationName = Release;
		};
		123EF758268B27B800A0CD9D /* Build configuration list for PBXNativeTarget "EFIconFont-tvOS" */ = {
			isa = XCConfigurationList;
			buildConfigurations = (
				123EF759268B27B800A0CD9D /* Debug */,
				123EF75A268B27B800A0CD9D /* Release */,
			);
			defaultConfigurationIsVisible = 0;
			defaultConfigurationName = Release;
		};
/* End XCConfigurationList section */
	};
	rootObject = 123EF73E268B27B600A0CD9D /* Project object */;
}
